
Microsoft Visual Studio Solution File, Format Version 12.00
# Visual Studio Version 17
VisualStudioVersion = 17.14.36414.22 d17.14
MinimumVisualStudioVersion = 10.0.40219.1
Project("{FAE04EC0-301F-11D3-BF4B-00C04F79EFBC}") = "Complaints.Worker", "Complaints.Worker.csproj", "{F68A8522-DDCE-B4BB-48E2-CE14001CAF8B}"
EndProject
Global
	GlobalSection(SolutionConfigurationPlatforms) = preSolution
		Debug|Any CPU = Debug|Any CPU
		Release|Any CPU = Release|Any CPU
	EndGlobalSection
	GlobalSection(ProjectConfigurationPlatforms) = postSolution
		{F68A8522-DDCE-B4BB-48E2-CE14001CAF8B}.Debug|Any CPU.ActiveCfg = Debug|Any CPU
		{F68A8522-DDCE-B4BB-48E2-CE14001CAF8B}.Debug|Any CPU.Build.0 = Debug|Any CPU
		{F68A8522-DDCE-B4BB-48E2-CE14001CAF8B}.Release|Any CPU.ActiveCfg = Release|Any CPU
		{F68A8522-DDCE-B4BB-48E2-CE14001CAF8B}.Release|Any CPU.Build.0 = Release|Any CPU
	EndGlobalSection
	GlobalSection(SolutionProperties) = preSolution
		HideSolutionNode = FALSE
	EndGlobalSection
	GlobalSection(ExtensibilityGlobals) = postSolution
		SolutionGuid = {290E98A0-023A-43A3-9CB7-11F2FDF40728}
	EndGlobalSection
EndGlobal
